
Microsoft Visual Studio Solution File, Format Version 12.00
# Visual Studio 2017
Project("{FAE04EC0-301F-11D3-BF4B-00C04F79EFBC}") = "PF Player HUD Slider", "PF Player HUD Slider.csproj", "{C61F0675-642C-B3E6-59EE-AD1EAFF58E74}"
EndProject
Global
	GlobalSection(SolutionConfigurationPlatforms) = preSolution
		Debug|Any CPU = Debug|Any CPU
		Release|Any CPU = Release|Any CPU
	EndGlobalSection
	GlobalSection(ProjectConfigurationPlatforms) = postSolution
		{C61F0675-642C-B3E6-59EE-AD1EAFF58E74}.Debug|Any CPU.ActiveCfg = Debug|Any CPU
		{C61F0675-642C-B3E6-59EE-AD1EAFF58E74}.Debug|Any CPU.Build.0 = Debug|Any CPU
		{C61F0675-642C-B3E6-59EE-AD1EAFF58E74}.Release|Any CPU.ActiveCfg = Release|Any CPU
		{C61F0675-642C-B3E6-59EE-AD1EAFF58E74}.Release|Any CPU.Build.0 = Release|Any CPU
	EndGlobalSection
	GlobalSection(SolutionProperties) = preSolution
		HideSolutionNode = FALSE
	EndGlobalSection
EndGlobal
